Microsoft Visual Studio Solution File, Format Version 12.00
# Visual Studio Version 17
VisualStudioVersion = 17.5.2.0
MinimumVisualStudioVersion = 10.0.40219.1
Project("{FAE04EC0-301F-11D3-BF4B-00C04F79EFBC}") = "DigitalPetApp", "src\DigitalPetApp\DigitalPetApp.csproj", "{EAF70A5E-E1CA-E4FF-316F-6D2AB6F9395D}"
EndProject
Project("{FAE04EC0-301F-11D3-BF4B-00C04F79EFBC}") = "DigitalPetApp.Tests", "tests\DigitalPetApp.Tests\DigitalPetApp.Tests.csproj", "{9A9E9D68-4684-47DE-A3C3-1AA91920E644}"
EndProject
Global
	GlobalSection(SolutionConfigurationPlatforms) = preSolution
		Debug|Any CPU = Debug|Any CPU
		Release|Any CPU = Release|Any CPU
	EndGlobalSection
	GlobalSection(ProjectConfigurationPlatforms) = postSolution
		{EAF70A5E-E1CA-E4FF-316F-6D2AB6F9395D}.Debug|Any CPU.ActiveCfg = Debug|Any CPU
		{EAF70A5E-E1CA-E4FF-316F-6D2AB6F9395D}.Debug|Any CPU.Build.0 = Debug|Any CPU
		{EAF70A5E-E1CA-E4FF-316F-6D2AB6F9395D}.Release|Any CPU.ActiveCfg = Release|Any CPU
		{EAF70A5E-E1CA-E4FF-316F-6D2AB6F9395D}.Release|Any CPU.Build.0 = Release|Any CPU
		{9A9E9D68-4684-47DE-A3C3-1AA91920E644}.Debug|Any CPU.ActiveCfg = Debug|Any CPU
		{9A9E9D68-4684-47DE-A3C3-1AA91920E644}.Debug|Any CPU.Build.0 = Debug|Any CPU
		{9A9E9D68-4684-47DE-A3C3-1AA91920E644}.Release|Any CPU.ActiveCfg = Release|Any CPU
		{9A9E9D68-4684-47DE-A3C3-1AA91920E644}.Release|Any CPU.Build.0 = Release|Any CPU
	EndGlobalSection
	GlobalSection(SolutionProperties) = preSolution
		HideSolutionNode = FALSE
	EndGlobalSection
	GlobalSection(ExtensibilityGlobals) = postSolution
		SolutionGuid = {A78BE3D1-7F1D-4540-A2A3-F6BE7E155277}
	EndGlobalSection
EndGlobal
